{
  "nodes": {
    "nixpkgs": {
      "locked": {
        "lastModified": 1733550349,
        "narHash": "sha256-NcGumB4Lr6KSDq+nIqXtNA8QwAQKDSZT7N9OTGWbTrs=",
        "rev": "e2605d0744c2417b09f8bf850dfca42fcf537d34",
        "revCount": 710650,
        "type": "tarball",
        "url": "https://api.flakehub.com/f/pinned/NixOS/nixpkgs/0.2411.710650%2Brev-e2605d0744c2417b09f8bf850dfca42fcf537d34/0193aaf0-978e-77fc-a318-864fe7a84139/source.tar.gz"
      },
      "original": {
        "type": "tarball",
        "url": "https://flakehub.com/f/NixOS/nixpkgs/%2A.tar.gz"
      }
    },
    "root": {
      "inputs": {
        "nixpkgs": "nixpkgs"
      }
    }
  },
  "root": "root",
  "version": 7
}
