{
  "nodes": {
    "nixpkgs": {
      "locked": {
        "lastModified": 1734737257,
        "narHash": "sha256-GIMyMt1pkkoXdCq9un859bX6YQZ/iYtukb9R5luazLM=",
        "rev": "1c6e20d41d6a9c1d737945962160e8571df55daa",
        "revCount": 711615,
        "type": "tarball",
        "url": "https://api.flakehub.com/f/pinned/NixOS/nixpkgs/0.2411.711615%2Brev-1c6e20d41d6a9c1d737945962160e8571df55daa/0193e9d9-49da-7e94-9279-5f63bbdbd7de/source.tar.gz"
      },
      "original": {
        "type": "tarball",
        "url": "https://flakehub.com/f/NixOS/nixpkgs/%2A.tar.gz"
      }
    },
    "root": {
      "inputs": {
        "nixpkgs": "nixpkgs"
      }
    }
  },
  "root": "root",
  "version": 7
}
