{
  "nodes": {
    "nixpkgs": {
      "locked": {
        "lastModified": 1733120037,
        "narHash": "sha256-En+gSoVJ3iQKPDU1FHrR6zIxSLXKjzKY+pnh9tt+Yts=",
        "rev": "f9f0d5c5380be0a599b1fb54641fa99af8281539",
        "revCount": 710194,
        "type": "tarball",
        "url": "https://api.flakehub.com/f/pinned/NixOS/nixpkgs/0.2411.710194%2Brev-f9f0d5c5380be0a599b1fb54641fa99af8281539/01938be8-64ce-75c6-94d4-dbc2e4d547fe/source.tar.gz"
      },
      "original": {
        "type": "tarball",
        "url": "https://flakehub.com/f/NixOS/nixpkgs/%2A.tar.gz"
      }
    },
    "root": {
      "inputs": {
        "nixpkgs": "nixpkgs"
      }
    }
  },
  "root": "root",
  "version": 7
}
